
Microsoft Visual Studio Solution File, Format Version 12.00
# Visual Studio 15
VisualStudioVersion = 15.0.28307.645
MinimumVisualStudioVersion = 10.0.40219.1
Project("{FAE04EC0-301F-11D3-BF4B-00C04F79EFBC}") = "16-Exercise-Lambda", "16-Exercise-Lambda\16-Exercise-Lambda.csproj", "{358FA95F-9504-4B1D-97BF-590D09EA9248}"
EndProject
Project("{FAE04EC0-301F-11D3-BF4B-00C04F79EFBC}") = "Assignment1", "Assignment1\Assignment1.csproj", "{3CF52776-5A2A-45F2-8697-C5242EA78EDB}"
EndProject
Project("{9A19103F-16F7-4668-BE54-9A1E7A4F7556}") = "Assignment1ClassLibrary", "Assignment1ClassLibrary\Assignment1ClassLibrary.csproj", "{D5B64075-A1DE-4A9C-BD2B-1A89756D9FD7}"
EndProject
Project("{FAE04EC0-301F-11D3-BF4B-00C04F79EFBC}") = "17-Exercise-lambda2", "17-Exercise-lambda2\17-Exercise-lambda2.csproj", "{2AD51751-A0B3-496A-BCE8-7F612B0FDB55}"
EndProject
Project("{FAE04EC0-301F-11D3-BF4B-00C04F79EFBC}") = "18-Exercise-virtual", "18-Exercise-virtual\18-Exercise-virtual.csproj", "{6371392E-B2F5-4BD7-9340-EDBBA42002EB}"
EndProject
Project("{FAE04EC0-301F-11D3-BF4B-00C04F79EFBC}") = "19-Exercise-extension-methods", "19-Exercise-extension-methods\19-Exercise-extension-methods.csproj", "{32ADB10C-F8EE-45EB-B301-4F1F153B0FA3}"
EndProject
Project("{FAE04EC0-301F-11D3-BF4B-00C04F79EFBC}") = "Extra-Prime-Numbers", "Extra-Prime-Numbers\Extra-Prime-Numbers.csproj", "{37FD326A-F43C-4D30-A2E4-66BE0254C4E4}"
EndProject
Project("{FAE04EC0-301F-11D3-BF4B-00C04F79EFBC}") = "LINQ-hands-on-lab-Exercise-1", "LINQ-hands-on-lab\LINQ-hands-on-lab-Exercise-1.csproj", "{5FC4D069-0C3B-48CB-ACD3-4AB3F8CD6603}"
EndProject
Project("{FAE04EC0-301F-11D3-BF4B-00C04F79EFBC}") = "LINQ-hands-on-lab-Exercise-2", "LINQ-hands-on-lab-Exercise-2\LINQ-hands-on-lab-Exercise-2.csproj", "{7EDF2399-666F-4696-A358-E17E87BCE4C2}"
EndProject
Project("{FAE04EC0-301F-11D3-BF4B-00C04F79EFBC}") = "050918Exercises", "050918Exercises\050918Exercises.csproj", "{8DE27C9D-03B7-40EA-8694-FF204248C83A}"
EndProject
Project("{FAE04EC0-301F-11D3-BF4B-00C04F79EFBC}") = "20-Exercise-tuple", "20-Exercise-tuple\20-Exercise-tuple.csproj", "{07F2248E-1669-46FE-8BA2-D56B97A958BA}"
EndProject
Project("{FAE04EC0-301F-11D3-BF4B-00C04F79EFBC}") = "21-Exercise-prime-numbers", "21-Exercise-prime-numbers\21-Exercise-prime-numbers.csproj", "{4CFFA23E-9223-4144-A344-C9C34D58D885}"
EndProject
Project("{FAE04EC0-301F-11D3-BF4B-00C04F79EFBC}") = "LINQ-Exercise-1", "LINQ-Exercise-1\LINQ-Exercise-1.csproj", "{6816DD7E-2788-4BA0-A50B-41ECF2921B3B}"
EndProject
Project("{FAE04EC0-301F-11D3-BF4B-00C04F79EFBC}") = "LINQ-Exercise-2", "LINQ-Exercise-2\LINQ-Exercise-2.csproj", "{BF0C090C-5D05-4F3A-A497-83C907FA2F49}"
EndProject
Project("{FAE04EC0-301F-11D3-BF4B-00C04F79EFBC}") = "LINQ-Exercise-3", "LINQ-Exercise-3\LINQ-Exercise-3.csproj", "{1AC6F0DB-AE48-4C8F-83C3-2F77A3853819}"
EndProject
Project("{FAE04EC0-301F-11D3-BF4B-00C04F79EFBC}") = "LINQ-hands-on-lab-Exercise-3", "LINQ-hands-on-lab-Exercise-3\LINQ-hands-on-lab-Exercise-3.csproj", "{881F2C32-F069-4014-80BD-3285E1A7D93F}"
EndProject
Project("{FAE04EC0-301F-11D3-BF4B-00C04F79EFBC}") = "Assignment2", "Assignment2\Assignment2.csproj", "{261985E7-5B6E-46C0-B4F1-CC229A57DDF9}"
EndProject
Project("{FAE04EC0-301F-11D3-BF4B-00C04F79EFBC}") = "Assignment7", "Assignment7\Assignment7.csproj", "{435295F3-C93A-44CA-822A-8CFE494891F1}"
EndProject
Project("{FAE04EC0-301F-11D3-BF4B-00C04F79EFBC}") = "ASYNCEx1", "ASYNCEx1\ASYNCEx1.csproj", "{A7758AC5-71C6-45F8-B45D-202EDEF8C733}"
EndProject
Project("{FAE04EC0-301F-11D3-BF4B-00C04F79EFBC}") = "ASYNCEx2", "ASYNCEx2\ASYNCEx2.csproj", "{1688DFA5-481E-437E-A4C6-ECE3F74FEAE3}"
EndProject
Project("{FAE04EC0-301F-11D3-BF4B-00C04F79EFBC}") = "Assignment3", "Assignment3\Assignment3.csproj", "{D502F3CC-BFE4-4D1C-9A14-96FACD3F1019}"
EndProject
Project("{FAE04EC0-301F-11D3-BF4B-00C04F79EFBC}") = "Assignment4", "Assignment4\Assignment4.csproj", "{BF89AA59-9AE9-454D-9F05-A38EE3D5188B}"
EndProject
Project("{FAE04EC0-301F-11D3-BF4B-00C04F79EFBC}") = "Assignment5", "Assignment5\Assignment5.csproj", "{1E07E319-84E2-4ABC-8751-01F8FBA6B12A}"
EndProject
Project("{FAE04EC0-301F-11D3-BF4B-00C04F79EFBC}") = "Assignment6", "Assignment6\Assignment6.csproj", "{FD070FE6-CC73-4B78-BFC4-95B9AE245EA8}"
EndProject
Project("{FAE04EC0-301F-11D3-BF4B-00C04F79EFBC}") = "BankModel", "..\Exam\BankMVVMDemo\BankModel\BankModel.csproj", "{3E22BE35-2886-4154-81B2-A8A4D7FFA53C}"
EndProject
Project("{FAE04EC0-301F-11D3-BF4B-00C04F79EFBC}") = "BankView", "..\Exam\BankMVVMDemo\BankView\BankView.csproj", "{9B6158A7-2773-4075-BA14-C955E4332235}"
EndProject
Project("{FAE04EC0-301F-11D3-BF4B-00C04F79EFBC}") = "BankViewModel", "..\Exam\BankMVVMDemo\BankViewModel\BankViewModel.csproj", "{131415D5-3E66-4C15-8ED3-BCF3010DA2C1}"
EndProject
Project("{FAE04EC0-301F-11D3-BF4B-00C04F79EFBC}") = "LAB-1-WPF-EX1", "LAB-1-WPF-EX1\LAB-1-WPF-EX1.csproj", "{8508B1F4-0033-4C95-88AE-C280EA9AB401}"
EndProject
Project("{FAE04EC0-301F-11D3-BF4B-00C04F79EFBC}") = "LAB-1-WPF-EX2", "LAB-1-WPF-EX2\LAB-1-WPF-EX2.csproj", "{6D210E8C-A68C-40F4-BF32-EA05DE4D99C2}"
EndProject
Project("{FAE04EC0-301F-11D3-BF4B-00C04F79EFBC}") = "LAB-3-WPF", "LAB-3-WPF\LAB-3-WPF.csproj", "{3B3E13DB-7EE2-431E-A4D5-2E5019263553}"
EndProject
Project("{FAE04EC0-301F-11D3-BF4B-00C04F79EFBC}") = "LAB-2-WPF", "LAB-2-WPF\LAB-2-WPF.csproj", "{CE7A4669-6245-421E-AEBF-19CBBF7D4540}"
EndProject
Project("{FAE04EC0-301F-11D3-BF4B-00C04F79EFBC}") = "LAB-4-WPF", "LAB-4-WPF\LAB-4-WPF.csproj", "{13CDBCD8-D6C6-4197-AD42-71ABE0316A39}"
EndProject
Project("{FAE04EC0-301F-11D3-BF4B-00C04F79EFBC}") = "LAB-5-WPF", "LAB-5-WPF\LAB-5-WPF.csproj", "{F62BECDF-5967-4BC2-8A15-CF8F299F5F0B}"
EndProject
Project("{FAE04EC0-301F-11D3-BF4B-00C04F79EFBC}") = "LAB-6-WPF", "LAB-6-WPF\LAB-6-WPF.csproj", "{366F5E0C-9BEF-4215-8FF0-0F8AD6CB1F3E}"
EndProject
Project("{FAE04EC0-301F-11D3-BF4B-00C04F79EFBC}") = "LAB-7-WPF", "LAB-70-WPF-EX1\LAB-7-WPF.csproj", "{260902C3-89F7-4443-950C-7D1DFBD44E61}"
EndProject
Project("{FAE04EC0-301F-11D3-BF4B-00C04F79EFBC}") = "LAB-8-9-WPF", "LAB-8-WPF\LAB-8-9-WPF.csproj", "{00B63A03-438B-4204-8714-2A1BDBC87B29}"
EndProject
Project("{FAE04EC0-301F-11D3-BF4B-00C04F79EFBC}") = "LAB-10-WPF", "LAB-10-WPF\LAB-10-WPF.csproj", "{7B0BEDD7-38FF-480D-8787-01CBFCD2C93D}"
EndProject
Project("{FAE04EC0-301F-11D3-BF4B-00C04F79EFBC}") = "Disposable", "Disposable\Disposable.csproj", "{C440D7AD-3258-4C9D-BC35-5137806B5C79}"
EndProject
Project("{FAE04EC0-301F-11D3-BF4B-00C04F79EFBC}") = "CinemaProject", "..\..\..\4-th semester\DNP\Project\Cinema\CinemaProject\CinemaProject.csproj", "{81ED80D9-9615-4552-857A-DF3D0042C8A2}"
EndProject
Project("{FAE04EC0-301F-11D3-BF4B-00C04F79EFBC}") = "MVVM_Assignment5_View", "MVVM_Assignment5_View\MVVM_Assignment5_View.csproj", "{635CCC8D-151A-4401-B9DB-F78CC8C4E4BB}"
EndProject
Project("{FAE04EC0-301F-11D3-BF4B-00C04F79EFBC}") = "MVVM_Assignment5_Model", "MVVM_Assignment5_Model\MVVM_Assignment5_Model.csproj", "{44BE0C6D-BF59-4CDA-9BA4-EAE3951DD232}"
EndProject
Project("{FAE04EC0-301F-11D3-BF4B-00C04F79EFBC}") = "MVVM_Assignment5_ViewModel", "MVVM_Assignment5_ViewModel\MVVM_Assignment5_ViewModel.csproj", "{3053B35E-2A79-46CD-9F1C-59063344FF81}"
EndProject
Global
	GlobalSection(SolutionConfigurationPlatforms) = preSolution
		Debug|Any CPU = Debug|Any CPU
		Release|Any CPU = Release|Any CPU
	EndGlobalSection
	GlobalSection(ProjectConfigurationPlatforms) = postSolution
		{358FA95F-9504-4B1D-97BF-590D09EA9248}.Debug|Any CPU.ActiveCfg = Debug|Any CPU
		{358FA95F-9504-4B1D-97BF-590D09EA9248}.Debug|Any CPU.Build.0 = Debug|Any CPU
		{358FA95F-9504-4B1D-97BF-590D09EA9248}.Release|Any CPU.ActiveCfg = Release|Any CPU
		{358FA95F-9504-4B1D-97BF-590D09EA9248}.Release|Any CPU.Build.0 = Release|Any CPU
		{3CF52776-5A2A-45F2-8697-C5242EA78EDB}.Debug|Any CPU.ActiveCfg = Debug|Any CPU
		{3CF52776-5A2A-45F2-8697-C5242EA78EDB}.Debug|Any CPU.Build.0 = Debug|Any CPU
		{3CF52776-5A2A-45F2-8697-C5242EA78EDB}.Release|Any CPU.ActiveCfg = Release|Any CPU
		{3CF52776-5A2A-45F2-8697-C5242EA78EDB}.Release|Any CPU.Build.0 = Release|Any CPU
		{D5B64075-A1DE-4A9C-BD2B-1A89756D9FD7}.Debug|Any CPU.ActiveCfg = Debug|Any CPU
		{D5B64075-A1DE-4A9C-BD2B-1A89756D9FD7}.Debug|Any CPU.Build.0 = Debug|Any CPU
		{D5B64075-A1DE-4A9C-BD2B-1A89756D9FD7}.Release|Any CPU.ActiveCfg = Release|Any CPU
		{D5B64075-A1DE-4A9C-BD2B-1A89756D9FD7}.Release|Any CPU.Build.0 = Release|Any CPU
		{2AD51751-A0B3-496A-BCE8-7F612B0FDB55}.Debug|Any CPU.ActiveCfg = Debug|Any CPU
		{2AD51751-A0B3-496A-BCE8-7F612B0FDB55}.Debug|Any CPU.Build.0 = Debug|Any CPU
		{2AD51751-A0B3-496A-BCE8-7F612B0FDB55}.Release|Any CPU.ActiveCfg = Release|Any CPU
		{2AD51751-A0B3-496A-BCE8-7F612B0FDB55}.Release|Any CPU.Build.0 = Release|Any CPU
		{6371392E-B2F5-4BD7-9340-EDBBA42002EB}.Debug|Any CPU.ActiveCfg = Debug|Any CPU
		{6371392E-B2F5-4BD7-9340-EDBBA42002EB}.Debug|Any CPU.Build.0 = Debug|Any CPU
		{6371392E-B2F5-4BD7-9340-EDBBA42002EB}.Release|Any CPU.ActiveCfg = Release|Any CPU
		{6371392E-B2F5-4BD7-9340-EDBBA42002EB}.Release|Any CPU.Build.0 = Release|Any CPU
		{32ADB10C-F8EE-45EB-B301-4F1F153B0FA3}.Debug|Any CPU.ActiveCfg = Debug|Any CPU
		{32ADB10C-F8EE-45EB-B301-4F1F153B0FA3}.Debug|Any CPU.Build.0 = Debug|Any CPU
		{32ADB10C-F8EE-45EB-B301-4F1F153B0FA3}.Release|Any CPU.ActiveCfg = Release|Any CPU
		{32ADB10C-F8EE-45EB-B301-4F1F153B0FA3}.Release|Any CPU.Build.0 = Release|Any CPU
		{37FD326A-F43C-4D30-A2E4-66BE0254C4E4}.Debug|Any CPU.ActiveCfg = Debug|Any CPU
		{37FD326A-F43C-4D30-A2E4-66BE0254C4E4}.Debug|Any CPU.Build.0 = Debug|Any CPU
		{37FD326A-F43C-4D30-A2E4-66BE0254C4E4}.Release|Any CPU.ActiveCfg = Release|Any CPU
		{37FD326A-F43C-4D30-A2E4-66BE0254C4E4}.Release|Any CPU.Build.0 = Release|Any CPU
		{5FC4D069-0C3B-48CB-ACD3-4AB3F8CD6603}.Debug|Any CPU.ActiveCfg = Debug|Any CPU
		{5FC4D069-0C3B-48CB-ACD3-4AB3F8CD6603}.Debug|Any CPU.Build.0 = Debug|Any CPU
		{5FC4D069-0C3B-48CB-ACD3-4AB3F8CD6603}.Release|Any CPU.ActiveCfg = Release|Any CPU
		{5FC4D069-0C3B-48CB-ACD3-4AB3F8CD6603}.Release|Any CPU.Build.0 = Release|Any CPU
		{7EDF2399-666F-4696-A358-E17E87BCE4C2}.Debug|Any CPU.ActiveCfg = Debug|Any CPU
		{7EDF2399-666F-4696-A358-E17E87BCE4C2}.Debug|Any CPU.Build.0 = Debug|Any CPU
		{7EDF2399-666F-4696-A358-E17E87BCE4C2}.Release|Any CPU.ActiveCfg = Release|Any CPU
		{7EDF2399-666F-4696-A358-E17E87BCE4C2}.Release|Any CPU.Build.0 = Release|Any CPU
		{8DE27C9D-03B7-40EA-8694-FF204248C83A}.Debug|Any CPU.ActiveCfg = Debug|Any CPU
		{8DE27C9D-03B7-40EA-8694-FF204248C83A}.Debug|Any CPU.Build.0 = Debug|Any CPU
		{8DE27C9D-03B7-40EA-8694-FF204248C83A}.Release|Any CPU.ActiveCfg = Release|Any CPU
		{8DE27C9D-03B7-40EA-8694-FF204248C83A}.Release|Any CPU.Build.0 = Release|Any CPU
		{07F2248E-1669-46FE-8BA2-D56B97A958BA}.Debug|Any CPU.ActiveCfg = Debug|Any CPU
		{07F2248E-1669-46FE-8BA2-D56B97A958BA}.Debug|Any CPU.Build.0 = Debug|Any CPU
		{07F2248E-1669-46FE-8BA2-D56B97A958BA}.Release|Any CPU.ActiveCfg = Release|Any CPU
		{07F2248E-1669-46FE-8BA2-D56B97A958BA}.Release|Any CPU.Build.0 = Release|Any CPU
		{4CFFA23E-9223-4144-A344-C9C34D58D885}.Debug|Any CPU.ActiveCfg = Debug|Any CPU
		{4CFFA23E-9223-4144-A344-C9C34D58D885}.Debug|Any CPU.Build.0 = Debug|Any CPU
		{4CFFA23E-9223-4144-A344-C9C34D58D885}.Release|Any CPU.ActiveCfg = Release|Any CPU
		{4CFFA23E-9223-4144-A344-C9C34D58D885}.Release|Any CPU.Build.0 = Release|Any CPU
		{6816DD7E-2788-4BA0-A50B-41ECF2921B3B}.Debug|Any CPU.ActiveCfg = Debug|Any CPU
		{6816DD7E-2788-4BA0-A50B-41ECF2921B3B}.Debug|Any CPU.Build.0 = Debug|Any CPU
		{6816DD7E-2788-4BA0-A50B-41ECF2921B3B}.Release|Any CPU.ActiveCfg = Release|Any CPU
		{6816DD7E-2788-4BA0-A50B-41ECF2921B3B}.Release|Any CPU.Build.0 = Release|Any CPU
		{BF0C090C-5D05-4F3A-A497-83C907FA2F49}.Debug|Any CPU.ActiveCfg = Debug|Any CPU
		{BF0C090C-5D05-4F3A-A497-83C907FA2F49}.Debug|Any CPU.Build.0 = Debug|Any CPU
		{BF0C090C-5D05-4F3A-A497-83C907FA2F49}.Release|Any CPU.ActiveCfg = Release|Any CPU
		{BF0C090C-5D05-4F3A-A497-83C907FA2F49}.Release|Any CPU.Build.0 = Release|Any CPU
		{1AC6F0DB-AE48-4C8F-83C3-2F77A3853819}.Debug|Any CPU.ActiveCfg = Debug|Any CPU
		{1AC6F0DB-AE48-4C8F-83C3-2F77A3853819}.Debug|Any CPU.Build.0 = Debug|Any CPU
		{1AC6F0DB-AE48-4C8F-83C3-2F77A3853819}.Release|Any CPU.ActiveCfg = Release|Any CPU
		{1AC6F0DB-AE48-4C8F-83C3-2F77A3853819}.Release|Any CPU.Build.0 = Release|Any CPU
		{881F2C32-F069-4014-80BD-3285E1A7D93F}.Debug|Any CPU.ActiveCfg = Debug|Any CPU
		{881F2C32-F069-4014-80BD-3285E1A7D93F}.Debug|Any CPU.Build.0 = Debug|Any CPU
		{881F2C32-F069-4014-80BD-3285E1A7D93F}.Release|Any CPU.ActiveCfg = Release|Any CPU
		{881F2C32-F069-4014-80BD-3285E1A7D93F}.Release|Any CPU.Build.0 = Release|Any CPU
		{261985E7-5B6E-46C0-B4F1-CC229A57DDF9}.Debug|Any CPU.ActiveCfg = Debug|Any CPU
		{261985E7-5B6E-46C0-B4F1-CC229A57DDF9}.Debug|Any CPU.Build.0 = Debug|Any CPU
		{261985E7-5B6E-46C0-B4F1-CC229A57DDF9}.Release|Any CPU.ActiveCfg = Release|Any CPU
		{261985E7-5B6E-46C0-B4F1-CC229A57DDF9}.Release|Any CPU.Build.0 = Release|Any CPU
		{435295F3-C93A-44CA-822A-8CFE494891F1}.Debug|Any CPU.ActiveCfg = Debug|Any CPU
		{435295F3-C93A-44CA-822A-8CFE494891F1}.Debug|Any CPU.Build.0 = Debug|Any CPU
		{435295F3-C93A-44CA-822A-8CFE494891F1}.Release|Any CPU.ActiveCfg = Release|Any CPU
		{435295F3-C93A-44CA-822A-8CFE494891F1}.Release|Any CPU.Build.0 = Release|Any CPU
		{A7758AC5-71C6-45F8-B45D-202EDEF8C733}.Debug|Any CPU.ActiveCfg = Debug|Any CPU
		{A7758AC5-71C6-45F8-B45D-202EDEF8C733}.Debug|Any CPU.Build.0 = Debug|Any CPU
		{A7758AC5-71C6-45F8-B45D-202EDEF8C733}.Release|Any CPU.ActiveCfg = Release|Any CPU
		{A7758AC5-71C6-45F8-B45D-202EDEF8C733}.Release|Any CPU.Build.0 = Release|Any CPU
		{1688DFA5-481E-437E-A4C6-ECE3F74FEAE3}.Debug|Any CPU.ActiveCfg = Debug|Any CPU
		{1688DFA5-481E-437E-A4C6-ECE3F74FEAE3}.Debug|Any CPU.Build.0 = Debug|Any CPU
		{1688DFA5-481E-437E-A4C6-ECE3F74FEAE3}.Release|Any CPU.ActiveCfg = Release|Any CPU
		{1688DFA5-481E-437E-A4C6-ECE3F74FEAE3}.Release|Any CPU.Build.0 = Release|Any CPU
		{D502F3CC-BFE4-4D1C-9A14-96FACD3F1019}.Debug|Any CPU.ActiveCfg = Debug|Any CPU
		{D502F3CC-BFE4-4D1C-9A14-96FACD3F1019}.Debug|Any CPU.Build.0 = Debug|Any CPU
		{D502F3CC-BFE4-4D1C-9A14-96FACD3F1019}.Release|Any CPU.ActiveCfg = Release|Any CPU
		{D502F3CC-BFE4-4D1C-9A14-96FACD3F1019}.Release|Any CPU.Build.0 = Release|Any CPU
		{BF89AA59-9AE9-454D-9F05-A38EE3D5188B}.Debug|Any CPU.ActiveCfg = Debug|Any CPU
		{BF89AA59-9AE9-454D-9F05-A38EE3D5188B}.Debug|Any CPU.Build.0 = Debug|Any CPU
		{BF89AA59-9AE9-454D-9F05-A38EE3D5188B}.Release|Any CPU.ActiveCfg = Release|Any CPU
		{BF89AA59-9AE9-454D-9F05-A38EE3D5188B}.Release|Any CPU.Build.0 = Release|Any CPU
		{1E07E319-84E2-4ABC-8751-01F8FBA6B12A}.Debug|Any CPU.ActiveCfg = Debug|Any CPU
		{1E07E319-84E2-4ABC-8751-01F8FBA6B12A}.Debug|Any CPU.Build.0 = Debug|Any CPU
		{1E07E319-84E2-4ABC-8751-01F8FBA6B12A}.Release|Any CPU.ActiveCfg = Release|Any CPU
		{1E07E319-84E2-4ABC-8751-01F8FBA6B12A}.Release|Any CPU.Build.0 = Release|Any CPU
		{FD070FE6-CC73-4B78-BFC4-95B9AE245EA8}.Debug|Any CPU.ActiveCfg = Debug|Any CPU
		{FD070FE6-CC73-4B78-BFC4-95B9AE245EA8}.Debug|Any CPU.Build.0 = Debug|Any CPU
		{FD070FE6-CC73-4B78-BFC4-95B9AE245EA8}.Release|Any CPU.ActiveCfg = Release|Any CPU
		{FD070FE6-CC73-4B78-BFC4-95B9AE245EA8}.Release|Any CPU.Build.0 = Release|Any CPU
		{3E22BE35-2886-4154-81B2-A8A4D7FFA53C}.Debug|Any CPU.ActiveCfg = Debug|Any CPU
		{3E22BE35-2886-4154-81B2-A8A4D7FFA53C}.Debug|Any CPU.Build.0 = Debug|Any CPU
		{3E22BE35-2886-4154-81B2-A8A4D7FFA53C}.Release|Any CPU.ActiveCfg = Release|Any CPU
		{3E22BE35-2886-4154-81B2-A8A4D7FFA53C}.Release|Any CPU.Build.0 = Release|Any CPU
		{9B6158A7-2773-4075-BA14-C955E4332235}.Debug|Any CPU.ActiveCfg = Debug|Any CPU
		{9B6158A7-2773-4075-BA14-C955E4332235}.Debug|Any CPU.Build.0 = Debug|Any CPU
		{9B6158A7-2773-4075-BA14-C955E4332235}.Release|Any CPU.ActiveCfg = Release|Any CPU
		{9B6158A7-2773-4075-BA14-C955E4332235}.Release|Any CPU.Build.0 = Release|Any CPU
		{131415D5-3E66-4C15-8ED3-BCF3010DA2C1}.Debug|Any CPU.ActiveCfg = Debug|Any CPU
		{131415D5-3E66-4C15-8ED3-BCF3010DA2C1}.Debug|Any CPU.Build.0 = Debug|Any CPU
		{131415D5-3E66-4C15-8ED3-BCF3010DA2C1}.Release|Any CPU.ActiveCfg = Release|Any CPU
		{131415D5-3E66-4C15-8ED3-BCF3010DA2C1}.Release|Any CPU.Build.0 = Release|Any CPU
		{8508B1F4-0033-4C95-88AE-C280EA9AB401}.Debug|Any CPU.ActiveCfg = Debug|Any CPU
		{8508B1F4-0033-4C95-88AE-C280EA9AB401}.Debug|Any CPU.Build.0 = Debug|Any CPU
		{8508B1F4-0033-4C95-88AE-C280EA9AB401}.Release|Any CPU.ActiveCfg = Release|Any CPU
		{8508B1F4-0033-4C95-88AE-C280EA9AB401}.Release|Any CPU.Build.0 = Release|Any CPU
		{6D210E8C-A68C-40F4-BF32-EA05DE4D99C2}.Debug|Any CPU.ActiveCfg = Debug|Any CPU
		{6D210E8C-A68C-40F4-BF32-EA05DE4D99C2}.Debug|Any CPU.Build.0 = Debug|Any CPU
		{6D210E8C-A68C-40F4-BF32-EA05DE4D99C2}.Release|Any CPU.ActiveCfg = Release|Any CPU
		{6D210E8C-A68C-40F4-BF32-EA05DE4D99C2}.Release|Any CPU.Build.0 = Release|Any CPU
		{3B3E13DB-7EE2-431E-A4D5-2E5019263553}.Debug|Any CPU.ActiveCfg = Debug|Any CPU
		{3B3E13DB-7EE2-431E-A4D5-2E5019263553}.Debug|Any CPU.Build.0 = Debug|Any CPU
		{3B3E13DB-7EE2-431E-A4D5-2E5019263553}.Release|Any CPU.ActiveCfg = Release|Any CPU
		{3B3E13DB-7EE2-431E-A4D5-2E5019263553}.Release|Any CPU.Build.0 = Release|Any CPU
		{CE7A4669-6245-421E-AEBF-19CBBF7D4540}.Debug|Any CPU.ActiveCfg = Debug|Any CPU
		{CE7A4669-6245-421E-AEBF-19CBBF7D4540}.Debug|Any CPU.Build.0 = Debug|Any CPU
		{CE7A4669-6245-421E-AEBF-19CBBF7D4540}.Release|Any CPU.ActiveCfg = Release|Any CPU
		{CE7A4669-6245-421E-AEBF-19CBBF7D4540}.Release|Any CPU.Build.0 = Release|Any CPU
		{13CDBCD8-D6C6-4197-AD42-71ABE0316A39}.Debug|Any CPU.ActiveCfg = Debug|Any CPU
		{13CDBCD8-D6C6-4197-AD42-71ABE0316A39}.Debug|Any CPU.Build.0 = Debug|Any CPU
		{13CDBCD8-D6C6-4197-AD42-71ABE0316A39}.Release|Any CPU.ActiveCfg = Release|Any CPU
		{13CDBCD8-D6C6-4197-AD42-71ABE0316A39}.Release|Any CPU.Build.0 = Release|Any CPU
		{F62BECDF-5967-4BC2-8A15-CF8F299F5F0B}.Debug|Any CPU.ActiveCfg = Debug|Any CPU
		{F62BECDF-5967-4BC2-8A15-CF8F299F5F0B}.Debug|Any CPU.Build.0 = Debug|Any CPU
		{F62BECDF-5967-4BC2-8A15-CF8F299F5F0B}.Release|Any CPU.ActiveCfg = Release|Any CPU
		{F62BECDF-5967-4BC2-8A15-CF8F299F5F0B}.Release|Any CPU.Build.0 = Release|Any CPU
		{366F5E0C-9BEF-4215-8FF0-0F8AD6CB1F3E}.Debug|Any CPU.ActiveCfg = Debug|Any CPU
		{366F5E0C-9BEF-4215-8FF0-0F8AD6CB1F3E}.Debug|Any CPU.Build.0 = Debug|Any CPU
		{366F5E0C-9BEF-4215-8FF0-0F8AD6CB1F3E}.Release|Any CPU.ActiveCfg = Release|Any CPU
		{366F5E0C-9BEF-4215-8FF0-0F8AD6CB1F3E}.Release|Any CPU.Build.0 = Release|Any CPU
		{260902C3-89F7-4443-950C-7D1DFBD44E61}.Debug|Any CPU.ActiveCfg = Debug|Any CPU
		{260902C3-89F7-4443-950C-7D1DFBD44E61}.Debug|Any CPU.Build.0 = Debug|Any CPU
		{260902C3-89F7-4443-950C-7D1DFBD44E61}.Release|Any CPU.ActiveCfg = Release|Any CPU
		{260902C3-89F7-4443-950C-7D1DFBD44E61}.Release|Any CPU.Build.0 = Release|Any CPU
		{00B63A03-438B-4204-8714-2A1BDBC87B29}.Debug|Any CPU.ActiveCfg = Debug|Any CPU
		{00B63A03-438B-4204-8714-2A1BDBC87B29}.Debug|Any CPU.Build.0 = Debug|Any CPU
		{00B63A03-438B-4204-8714-2A1BDBC87B29}.Release|Any CPU.ActiveCfg = Release|Any CPU
		{00B63A03-438B-4204-8714-2A1BDBC87B29}.Release|Any CPU.Build.0 = Release|Any CPU
		{7B0BEDD7-38FF-480D-8787-01CBFCD2C93D}.Debug|Any CPU.ActiveCfg = Debug|Any CPU
		{7B0BEDD7-38FF-480D-8787-01CBFCD2C93D}.Debug|Any CPU.Build.0 = Debug|Any CPU
		{7B0BEDD7-38FF-480D-8787-01CBFCD2C93D}.Release|Any CPU.ActiveCfg = Release|Any CPU
		{7B0BEDD7-38FF-480D-8787-01CBFCD2C93D}.Release|Any CPU.Build.0 = Release|Any CPU
		{C440D7AD-3258-4C9D-BC35-5137806B5C79}.Debug|Any CPU.ActiveCfg = Debug|Any CPU
		{C440D7AD-3258-4C9D-BC35-5137806B5C79}.Debug|Any CPU.Build.0 = Debug|Any CPU
		{C440D7AD-3258-4C9D-BC35-5137806B5C79}.Release|Any CPU.ActiveCfg = Release|Any CPU
		{C440D7AD-3258-4C9D-BC35-5137806B5C79}.Release|Any CPU.Build.0 = Release|Any CPU
		{81ED80D9-9615-4552-857A-DF3D0042C8A2}.Debug|Any CPU.ActiveCfg = Debug|Any CPU
		{81ED80D9-9615-4552-857A-DF3D0042C8A2}.Debug|Any CPU.Build.0 = Debug|Any CPU
		{81ED80D9-9615-4552-857A-DF3D0042C8A2}.Release|Any CPU.ActiveCfg = Release|Any CPU
		{81ED80D9-9615-4552-857A-DF3D0042C8A2}.Release|Any CPU.Build.0 = Release|Any CPU
		{635CCC8D-151A-4401-B9DB-F78CC8C4E4BB}.Debug|Any CPU.ActiveCfg = Debug|Any CPU
		{635CCC8D-151A-4401-B9DB-F78CC8C4E4BB}.Debug|Any CPU.Build.0 = Debug|Any CPU
		{635CCC8D-151A-4401-B9DB-F78CC8C4E4BB}.Release|Any CPU.ActiveCfg = Release|Any CPU
		{635CCC8D-151A-4401-B9DB-F78CC8C4E4BB}.Release|Any CPU.Build.0 = Release|Any CPU
		{44BE0C6D-BF59-4CDA-9BA4-EAE3951DD232}.Debug|Any CPU.ActiveCfg = Debug|Any CPU
		{44BE0C6D-BF59-4CDA-9BA4-EAE3951DD232}.Debug|Any CPU.Build.0 = Debug|Any CPU
		{44BE0C6D-BF59-4CDA-9BA4-EAE3951DD232}.Release|Any CPU.ActiveCfg = Release|Any CPU
		{44BE0C6D-BF59-4CDA-9BA4-EAE3951DD232}.Release|Any CPU.Build.0 = Release|Any CPU
		{3053B35E-2A79-46CD-9F1C-59063344FF81}.Debug|Any CPU.ActiveCfg = Debug|Any CPU
		{3053B35E-2A79-46CD-9F1C-59063344FF81}.Debug|Any CPU.Build.0 = Debug|Any CPU
		{3053B35E-2A79-46CD-9F1C-59063344FF81}.Release|Any CPU.ActiveCfg = Release|Any CPU
		{3053B35E-2A79-46CD-9F1C-59063344FF81}.Release|Any CPU.Build.0 = Release|Any CPU
	EndGlobalSection
	GlobalSection(SolutionProperties) = preSolution
		HideSolutionNode = FALSE
	EndGlobalSection
	GlobalSection(ExtensibilityGlobals) = postSolution
		SolutionGuid = {1A984E60-272D-46E0-B998-EC40371C5ADF}
	EndGlobalSection
EndGlobal
